
Microsoft Visual Studio Solution File, Format Version 12.00
# Visual Studio Version 17
VisualStudioVersion = 17.0.31903.59
MinimumVisualStudioVersion = 10.0.40219.1
Project("{2150E333-8FDC-42A3-9474-1A3956D46DE8}") = "src", "src", "{827E0CD3-B72D-47B6-A68D-7590B98EB39B}"
EndProject
Project("{FAE04EC0-301F-11D3-BF4B-00C04F79EFBC}") = "Cutback.Core", "src\Cutback.Core\Cutback.Core.csproj", "{B08B6772-3E07-4C8E-B9A5-C7858E3D8BCD}"
EndProject
Project("{FAE04EC0-301F-11D3-BF4B-00C04F79EFBC}") = "Cutback.Media", "src\Cutback.Media\Cutback.Media.csproj", "{78AA9E3C-E5DC-4758-82DE-49E501010403}"
EndProject
Project("{FAE04EC0-301F-11D3-BF4B-00C04F79EFBC}") = "Cutback.Analysis", "src\Cutback.Analysis\Cutback.Analysis.csproj", "{2B18D155-05AD-40B1-89A8-519133FE1A21}"
EndProject
Project("{FAE04EC0-301F-11D3-BF4B-00C04F79EFBC}") = "Cutback.App", "src\Cutback.App\Cutback.App.csproj", "{6FCA1037-25FA-4F97-A067-81A3FA69BA61}"
EndProject
Project("{2150E333-8FDC-42A3-9474-1A3956D46DE8}") = "tests", "tests", "{0AB3BF05-4346-4AA6-1389-037BE0695223}"
EndProject
Project("{FAE04EC0-301F-11D3-BF4B-00C04F79EFBC}") = "Cutback.Core.Tests", "tests\Cutback.Core.Tests\Cutback.Core.Tests.csproj", "{D698814A-27F1-4F8F-9404-D967896ADBB5}"
EndProject
Project("{FAE04EC0-301F-11D3-BF4B-00C04F79EFBC}") = "Cutback.Media.Tests", "tests\Cutback.Media.Tests\Cutback.Media.Tests.csproj", "{9A2D1211-1560-49B6-9706-8951A3676062}"
EndProject
Global
	GlobalSection(SolutionConfigurationPlatforms) = preSolution
		Debug|Any CPU = Debug|Any CPU
		Debug|x64 = Debug|x64
		Debug|x86 = Debug|x86
		Release|Any CPU = Release|Any CPU
		Release|x64 = Release|x64
		Release|x86 = Release|x86
	EndGlobalSection
	GlobalSection(ProjectConfigurationPlatforms) = postSolution
		{B08B6772-3E07-4C8E-B9A5-C7858E3D8BCD}.Debug|Any CPU.ActiveCfg = Debug|Any CPU
		{B08B6772-3E07-4C8E-B9A5-C7858E3D8BCD}.Debug|Any CPU.Build.0 = Debug|Any CPU
		{B08B6772-3E07-4C8E-B9A5-C7858E3D8BCD}.Debug|x64.ActiveCfg = Debug|Any CPU
		{B08B6772-3E07-4C8E-B9A5-C7858E3D8BCD}.Debug|x64.Build.0 = Debug|Any CPU
		{B08B6772-3E07-4C8E-B9A5-C7858E3D8BCD}.Debug|x86.ActiveCfg = Debug|Any CPU
		{B08B6772-3E07-4C8E-B9A5-C7858E3D8BCD}.Debug|x86.Build.0 = Debug|Any CPU
		{B08B6772-3E07-4C8E-B9A5-C7858E3D8BCD}.Release|Any CPU.ActiveCfg = Release|Any CPU
		{B08B6772-3E07-4C8E-B9A5-C7858E3D8BCD}.Release|Any CPU.Build.0 = Release|Any CPU
		{B08B6772-3E07-4C8E-B9A5-C7858E3D8BCD}.Release|x64.ActiveCfg = Release|Any CPU
		{B08B6772-3E07-4C8E-B9A5-C7858E3D8BCD}.Release|x64.Build.0 = Release|Any CPU
		{B08B6772-3E07-4C8E-B9A5-C7858E3D8BCD}.Release|x86.ActiveCfg = Release|Any CPU
		{B08B6772-3E07-4C8E-B9A5-C7858E3D8BCD}.Release|x86.Build.0 = Release|Any CPU
		{78AA9E3C-E5DC-4758-82DE-49E501010403}.Debug|Any CPU.ActiveCfg = Debug|Any CPU
		{78AA9E3C-E5DC-4758-82DE-49E501010403}.Debug|Any CPU.Build.0 = Debug|Any CPU
		{78AA9E3C-E5DC-4758-82DE-49E501010403}.Debug|x64.ActiveCfg = Debug|Any CPU
		{78AA9E3C-E5DC-4758-82DE-49E501010403}.Debug|x64.Build.0 = Debug|Any CPU
		{78AA9E3C-E5DC-4758-82DE-49E501010403}.Debug|x86.ActiveCfg = Debug|Any CPU
		{78AA9E3C-E5DC-4758-82DE-49E501010403}.Debug|x86.Build.0 = Debug|Any CPU
		{78AA9E3C-E5DC-4758-82DE-49E501010403}.Release|Any CPU.ActiveCfg = Release|Any CPU
		{78AA9E3C-E5DC-4758-82DE-49E501010403}.Release|Any CPU.Build.0 = Release|Any CPU
		{78AA9E3C-E5DC-4758-82DE-49E501010403}.Release|x64.ActiveCfg = Release|Any CPU
		{78AA9E3C-E5DC-4758-82DE-49E501010403}.Release|x64.Build.0 = Release|Any CPU
		{78AA9E3C-E5DC-4758-82DE-49E501010403}.Release|x86.ActiveCfg = Release|Any CPU
		{78AA9E3C-E5DC-4758-82DE-49E501010403}.Release|x86.Build.0 = Release|Any CPU
		{2B18D155-05AD-40B1-89A8-519133FE1A21}.Debug|Any CPU.ActiveCfg = Debug|Any CPU
		{2B18D155-05AD-40B1-89A8-519133FE1A21}.Debug|Any CPU.Build.0 = Debug|Any CPU
		{2B18D155-05AD-40B1-89A8-519133FE1A21}.Debug|x64.ActiveCfg = Debug|Any CPU
		{2B18D155-05AD-40B1-89A8-519133FE1A21}.Debug|x64.Build.0 = Debug|Any CPU
		{2B18D155-05AD-40B1-89A8-519133FE1A21}.Debug|x86.ActiveCfg = Debug|Any CPU
		{2B18D155-05AD-40B1-89A8-519133FE1A21}.Debug|x86.Build.0 = Debug|Any CPU
		{2B18D155-05AD-40B1-89A8-519133FE1A21}.Release|Any CPU.ActiveCfg = Release|Any CPU
		{2B18D155-05AD-40B1-89A8-519133FE1A21}.Release|Any CPU.Build.0 = Release|Any CPU
		{2B18D155-05AD-40B1-89A8-519133FE1A21}.Release|x64.ActiveCfg = Release|Any CPU
		{2B18D155-05AD-40B1-89A8-519133FE1A21}.Release|x64.Build.0 = Release|Any CPU
		{2B18D155-05AD-40B1-89A8-519133FE1A21}.Release|x86.ActiveCfg = Release|Any CPU
		{2B18D155-05AD-40B1-89A8-519133FE1A21}.Release|x86.Build.0 = Release|Any CPU
		{6FCA1037-25FA-4F97-A067-81A3FA69BA61}.Debug|Any CPU.ActiveCfg = Debug|Any CPU
		{6FCA1037-25FA-4F97-A067-81A3FA69BA61}.Debug|Any CPU.Build.0 = Debug|Any CPU
		{6FCA1037-25FA-4F97-A067-81A3FA69BA61}.Debug|x64.ActiveCfg = Debug|Any CPU
		{6FCA1037-25FA-4F97-A067-81A3FA69BA61}.Debug|x64.Build.0 = Debug|Any CPU
		{6FCA1037-25FA-4F97-A067-81A3FA69BA61}.Debug|x86.ActiveCfg = Debug|Any CPU
		{6FCA1037-25FA-4F97-A067-81A3FA69BA61}.Debug|x86.Build.0 = Debug|Any CPU
		{6FCA1037-25FA-4F97-A067-81A3FA69BA61}.Release|Any CPU.ActiveCfg = Release|Any CPU
		{6FCA1037-25FA-4F97-A067-81A3FA69BA61}.Release|Any CPU.Build.0 = Release|Any CPU
		{6FCA1037-25FA-4F97-A067-81A3FA69BA61}.Release|x64.ActiveCfg = Release|Any CPU
		{6FCA1037-25FA-4F97-A067-81A3FA69BA61}.Release|x64.Build.0 = Release|Any CPU
		{6FCA1037-25FA-4F97-A067-81A3FA69BA61}.Release|x86.ActiveCfg = Release|Any CPU
		{6FCA1037-25FA-4F97-A067-81A3FA69BA61}.Release|x86.Build.0 = Release|Any CPU
		{D698814A-27F1-4F8F-9404-D967896ADBB5}.Debug|Any CPU.ActiveCfg = Debug|Any CPU
		{D698814A-27F1-4F8F-9404-D967896ADBB5}.Debug|Any CPU.Build.0 = Debug|Any CPU
		{D698814A-27F1-4F8F-9404-D967896ADBB5}.Debug|x64.ActiveCfg = Debug|Any CPU
		{D698814A-27F1-4F8F-9404-D967896ADBB5}.Debug|x64.Build.0 = Debug|Any CPU
		{D698814A-27F1-4F8F-9404-D967896ADBB5}.Debug|x86.ActiveCfg = Debug|Any CPU
		{D698814A-27F1-4F8F-9404-D967896ADBB5}.Debug|x86.Build.0 = Debug|Any CPU
		{D698814A-27F1-4F8F-9404-D967896ADBB5}.Release|Any CPU.ActiveCfg = Release|Any CPU
		{D698814A-27F1-4F8F-9404-D967896ADBB5}.Release|Any CPU.Build.0 = Release|Any CPU
		{D698814A-27F1-4F8F-9404-D967896ADBB5}.Release|x64.ActiveCfg = Release|Any CPU
		{D698814A-27F1-4F8F-9404-D967896ADBB5}.Release|x64.Build.0 = Release|Any CPU
		{D698814A-27F1-4F8F-9404-D967896ADBB5}.Release|x86.ActiveCfg = Release|Any CPU
		{D698814A-27F1-4F8F-9404-D967896ADBB5}.Release|x86.Build.0 = Release|Any CPU
		{9A2D1211-1560-49B6-9706-8951A3676062}.Debug|Any CPU.ActiveCfg = Debug|Any CPU
		{9A2D1211-1560-49B6-9706-8951A3676062}.Debug|Any CPU.Build.0 = Debug|Any CPU
		{9A2D1211-1560-49B6-9706-8951A3676062}.Debug|x64.ActiveCfg = Debug|Any CPU
		{9A2D1211-1560-49B6-9706-8951A3676062}.Debug|x64.Build.0 = Debug|Any CPU
		{9A2D1211-1560-49B6-9706-8951A3676062}.Debug|x86.ActiveCfg = Debug|Any CPU
		{9A2D1211-1560-49B6-9706-8951A3676062}.Debug|x86.Build.0 = Debug|Any CPU
		{9A2D1211-1560-49B6-9706-8951A3676062}.Release|Any CPU.ActiveCfg = Release|Any CPU
		{9A2D1211-1560-49B6-9706-8951A3676062}.Release|Any CPU.Build.0 = Release|Any CPU
		{9A2D1211-1560-49B6-9706-8951A3676062}.Release|x64.ActiveCfg = Release|Any CPU
		{9A2D1211-1560-49B6-9706-8951A3676062}.Release|x64.Build.0 = Release|Any CPU
		{9A2D1211-1560-49B6-9706-8951A3676062}.Release|x86.ActiveCfg = Release|Any CPU
		{9A2D1211-1560-49B6-9706-8951A3676062}.Release|x86.Build.0 = Release|Any CPU
	EndGlobalSection
	GlobalSection(SolutionProperties) = preSolution
		HideSolutionNode = FALSE
	EndGlobalSection
	GlobalSection(NestedProjects) = preSolution
		{B08B6772-3E07-4C8E-B9A5-C7858E3D8BCD} = {827E0CD3-B72D-47B6-A68D-7590B98EB39B}
		{78AA9E3C-E5DC-4758-82DE-49E501010403} = {827E0CD3-B72D-47B6-A68D-7590B98EB39B}
		{2B18D155-05AD-40B1-89A8-519133FE1A21} = {827E0CD3-B72D-47B6-A68D-7590B98EB39B}
		{6FCA1037-25FA-4F97-A067-81A3FA69BA61} = {827E0CD3-B72D-47B6-A68D-7590B98EB39B}
		{D698814A-27F1-4F8F-9404-D967896ADBB5} = {0AB3BF05-4346-4AA6-1389-037BE0695223}
		{9A2D1211-1560-49B6-9706-8951A3676062} = {0AB3BF05-4346-4AA6-1389-037BE0695223}
	EndGlobalSection
EndGlobal
